// !$*UTF8*$!
{
	archiveVersion = 1;
	classes = {
	};
	objectVersion = 56;
	objects = {

/* Begin PBXBuildFile section */
		C62E06A629A8023A00B5472C /* Tools.swift in Sources */ = {isa = PBXBuildFile; fileRef = C62E06A529A8023A00B5472C /* Tools.swift */; };
		C943F9AD29A70F0200155AB6 /* MatrixEditor.swift in Sources */ = {isa = PBXBuildFile; fileRef = C943F9AC29A70F0200155AB6 /* MatrixEditor.swift */; };
		C943F9AF29A7237000155AB6 /* SolutionView.swift in Sources */ = {isa = PBXBuildFile; fileRef = C943F9AE29A7237000155AB6 /* SolutionView.swift */; };
		C944C21629BA542A009050EB /* CardView.swift in Sources */ = {isa = PBXBuildFile; fileRef = C944C21529BA542A009050EB /* CardView.swift */; };
		C944C21C29BA55CA009050EB /* UITools.swift in Sources */ = {isa = PBXBuildFile; fileRef = C944C21B29BA55CA009050EB /* UITools.swift */; };
		C9475DF729E92D5700BEC724 /* operationsTests.swift in Sources */ = {isa = PBXBuildFile; fileRef = C9475DF629E92D5700BEC724 /* operationsTests.swift */; };
		C94A68D629A6C17000F04851 /* LandingView.swift in Sources */ = {isa = PBXBuildFile; fileRef = C94A68D529A6C17000F04851 /* LandingView.swift */; };
		C94A68DA29A6C2F000F04851 /* MatrixView.swift in Sources */ = {isa = PBXBuildFile; fileRef = C94A68D929A6C2F000F04851 /* MatrixView.swift */; };
		C94A68DC29A6C3D600F04851 /* MatrixSolveView.swift in Sources */ = {isa = PBXBuildFile; fileRef = C94A68DB29A6C3D600F04851 /* MatrixSolveView.swift */; };
		C94A68E229A6CEBC00F04851 /* Neumorphic in Frameworks */ = {isa = PBXBuildFile; productRef = C94A68E129A6CEBC00F04851 /* Neumorphic */; };
		C9686DF429F1B0E500E88E3B /* NeumorphicTile.swift in Sources */ = {isa = PBXBuildFile; fileRef = C9686DF329F1B0E500E88E3B /* NeumorphicTile.swift */; };
		C96D403A29CB90360063C243 /* Collections in Frameworks */ = {isa = PBXBuildFile; productRef = C96D403929CB90360063C243 /* Collections */; };
		C96D403C29CB90360063C243 /* DequeModule in Frameworks */ = {isa = PBXBuildFile; productRef = C96D403B29CB90360063C243 /* DequeModule */; };
		C96D403E29CB90360063C243 /* OrderedCollections in Frameworks */ = {isa = PBXBuildFile; productRef = C96D403D29CB90360063C243 /* OrderedCollections */; };
		C96F044929CA50F200130272 /* CalculusModel.swift in Sources */ = {isa = PBXBuildFile; fileRef = C96F044829CA50F200130272 /* CalculusModel.swift */; };
		C96F044A29CA50F200130272 /* CalculusModel.swift in Sources */ = {isa = PBXBuildFile; fileRef = C96F044829CA50F200130272 /* CalculusModel.swift */; };
		C96F044C29CA6D3900130272 /* DataStructures.swift in Sources */ = {isa = PBXBuildFile; fileRef = C96F044B29CA6D3900130272 /* DataStructures.swift */; };
		C96F044D29CA6D3900130272 /* DataStructures.swift in Sources */ = {isa = PBXBuildFile; fileRef = C96F044B29CA6D3900130272 /* DataStructures.swift */; };
		C96F045329CAD9CD00130272 /* IntegralSolveView.swift in Sources */ = {isa = PBXBuildFile; fileRef = C96F045229CAD9CD00130272 /* IntegralSolveView.swift */; };
		C973A22A298AF56000E26513 /* addezApp.swift in Sources */ = {isa = PBXBuildFile; fileRef = C973A229298AF56000E26513 /* addezApp.swift */; };
		C973A22C298AF56000E26513 /* ContentView.swift in Sources */ = {isa = PBXBuildFile; fileRef = C973A22B298AF56000E26513 /* ContentView.swift */; };
		C973A22E298AF56400E26513 /* Assets.xcassets in Resources */ = {isa = PBXBuildFile; fileRef = C973A22D298AF56400E26513 /* Assets.xcassets */; };
		C973A232298AF56400E26513 /* Preview Assets.xcassets in Resources */ = {isa = PBXBuildFile; fileRef = C973A231298AF56400E26513 /* Preview Assets.xcassets */; };
		C973A23C298AF56400E26513 /* matrixTests.swift in Sources */ = {isa = PBXBuildFile; fileRef = C973A23B298AF56400E26513 /* matrixTests.swift */; };
		C977EFB029AFF53300C60DFC /* MatrixModel.swift in Sources */ = {isa = PBXBuildFile; fileRef = C94A68D129A6C12C00F04851 /* MatrixModel.swift */; };
		C9CD668629B9164F0040848A /* StepsList.swift in Sources */ = {isa = PBXBuildFile; fileRef = C9CD668529B9164F0040848A /* StepsList.swift */; };
		C9CD668A29B91DC40040848A /* LaTeXSwiftUI in Frameworks */ = {isa = PBXBuildFile; productRef = C9CD668929B91DC40040848A /* LaTeXSwiftUI */; };
		C9F3C44A29CC00B100B2F5EE /* DataStructures.swift in Sources */ = {isa = PBXBuildFile; fileRef = C9F3C44629CC00B100B2F5EE /* DataStructures.swift */; };
		C9F3C44B29CC00B100B2F5EE /* CalculusModel.swift in Sources */ = {isa = PBXBuildFile; fileRef = C9F3C44729CC00B100B2F5EE /* CalculusModel.swift */; };
		C9F3C44C29CC00B100B2F5EE /* MatrixModel.swift in Sources */ = {isa = PBXBuildFile; fileRef = C9F3C44829CC00B100B2F5EE /* MatrixModel.swift */; };
		C9F3C44D29CC00B100B2F5EE /* Tools.swift in Sources */ = {isa = PBXBuildFile; fileRef = C9F3C44929CC00B100B2F5EE /* Tools.swift */; };
		C9F6F75B29CE304B00F37AC2 /* integralTests.swift in Sources */ = {isa = PBXBuildFile; fileRef = C9F6F75A29CE304B00F37AC2 /* integralTests.swift */; };
/* End PBXBuildFile section */

/* Begin PBXContainerItemProxy section */
		C973A238298AF56400E26513 /* PBXContainerItemProxy */ = {
			isa = PBXContainerItemProxy;
			containerPortal = C973A21E298AF56000E26513 /* Project object */;
			proxyType = 1;
			remoteGlobalIDString = C973A225298AF56000E26513;
			remoteInfo = addez;
		};
/* End PBXContainerItemProxy section */

/* Begin PBXFileReference section */
		C62E06A529A8023A00B5472C /* Tools.swift */ = {isa = PBXFileReference; lastKnownFileType = sourcecode.swift; path = Tools.swift; sourceTree = "<group>"; };
		C943F9AC29A70F0200155AB6 /* MatrixEditor.swift */ = {isa = PBXFileReference; lastKnownFileType = sourcecode.swift; path = MatrixEditor.swift; sourceTree = "<group>"; };
		C943F9AE29A7237000155AB6 /* SolutionView.swift */ = {isa = PBXFileReference; lastKnownFileType = sourcecode.swift; path = SolutionView.swift; sourceTree = "<group>"; };
		C944C21529BA542A009050EB /* CardView.swift */ = {isa = PBXFileReference; lastKnownFileType = sourcecode.swift; path = CardView.swift; sourceTree = "<group>"; };
		C944C21B29BA55CA009050EB /* UITools.swift */ = {isa = PBXFileReference; lastKnownFileType = sourcecode.swift; path = UITools.swift; sourceTree = "<group>"; };
		C9475DF629E92D5700BEC724 /* operationsTests.swift */ = {isa = PBXFileReference; lastKnownFileType = sourcecode.swift; path = operationsTests.swift; sourceTree = "<group>"; };
		C94A68D129A6C12C00F04851 /* MatrixModel.swift */ = {isa = PBXFileReference; lastKnownFileType = sourcecode.swift; path = MatrixModel.swift; sourceTree = "<group>"; };
		C94A68D529A6C17000F04851 /* LandingView.swift */ = {isa = PBXFileReference; lastKnownFileType = sourcecode.swift; path = LandingView.swift; sourceTree = "<group>"; };
		C94A68D929A6C2F000F04851 /* MatrixView.swift */ = {isa = PBXFileReference; lastKnownFileType = sourcecode.swift; path = MatrixView.swift; sourceTree = "<group>"; };
		C94A68DB29A6C3D600F04851 /* MatrixSolveView.swift */ = {isa = PBXFileReference; lastKnownFileType = sourcecode.swift; path = MatrixSolveView.swift; sourceTree = "<group>"; };
		C9686DF329F1B0E500E88E3B /* NeumorphicTile.swift */ = {isa = PBXFileReference; lastKnownFileType = sourcecode.swift; path = NeumorphicTile.swift; sourceTree = "<group>"; };
		C96F044829CA50F200130272 /* CalculusModel.swift */ = {isa = PBXFileReference; lastKnownFileType = sourcecode.swift; path = CalculusModel.swift; sourceTree = "<group>"; };
		C96F044B29CA6D3900130272 /* DataStructures.swift */ = {isa = PBXFileReference; lastKnownFileType = sourcecode.swift; path = DataStructures.swift; sourceTree = "<group>"; };
		C96F045229CAD9CD00130272 /* IntegralSolveView.swift */ = {isa = PBXFileReference; lastKnownFileType = sourcecode.swift; path = IntegralSolveView.swift; sourceTree = "<group>"; };
		C973A226298AF56000E26513 /* addez.app */ = {isa = PBXFileReference; explicitFileType = wrapper.application; includeInIndex = 0; path = addez.app; sourceTree = BUILT_PRODUCTS_DIR; };
		C973A229298AF56000E26513 /* addezApp.swift */ = {isa = PBXFileReference; lastKnownFileType = sourcecode.swift; path = addezApp.swift; sourceTree = "<group>"; };
		C973A22B298AF56000E26513 /* ContentView.swift */ = {isa = PBXFileReference; lastKnownFileType = sourcecode.swift; path = ContentView.swift; sourceTree = "<group>"; };
		C973A22D298AF56400E26513 /* Assets.xcassets */ = {isa = PBXFileReference; lastKnownFileType = folder.assetcatalog; path = Assets.xcassets; sourceTree = "<group>"; };
		C973A22F298AF56400E26513 /* addez.entitlements */ = {isa = PBXFileReference; lastKnownFileType = text.plist.entitlements; path = addez.entitlements; sourceTree = "<group>"; };
		C973A231298AF56400E26513 /* Preview Assets.xcassets */ = {isa = PBXFileReference; lastKnownFileType = folder.assetcatalog; path = "Preview Assets.xcassets"; sourceTree = "<group>"; };
		C973A237298AF56400E26513 /* addezTests.xctest */ = {isa = PBXFileReference; explicitFileType = wrapper.cfbundle; includeInIndex = 0; path = addezTests.xctest; sourceTree = BUILT_PRODUCTS_DIR; };
		C973A23B298AF56400E26513 /* matrixTests.swift */ = {isa = PBXFileReference; lastKnownFileType = sourcecode.swift; path = matrixTests.swift; sourceTree = "<group>"; };
		C9CD668529B9164F0040848A /* StepsList.swift */ = {isa = PBXFileReference; lastKnownFileType = sourcecode.swift; path = StepsList.swift; sourceTree = "<group>"; };
		C9F3C44629CC00B100B2F5EE /* DataStructures.swift */ = {isa = PBXFileReference; fileEncoding = 4; lastKnownFileType = sourcecode.swift; path = DataStructures.swift; sourceTree = "<group>"; };
		C9F3C44729CC00B100B2F5EE /* CalculusModel.swift */ = {isa = PBXFileReference; fileEncoding = 4; lastKnownFileType = sourcecode.swift; path = CalculusModel.swift; sourceTree = "<group>"; };
		C9F3C44829CC00B100B2F5EE /* MatrixModel.swift */ = {isa = PBXFileReference; fileEncoding = 4; lastKnownFileType = sourcecode.swift; path = MatrixModel.swift; sourceTree = "<group>"; };
		C9F3C44929CC00B100B2F5EE /* Tools.swift */ = {isa = PBXFileReference; fileEncoding = 4; lastKnownFileType = sourcecode.swift; path = Tools.swift; sourceTree = "<group>"; };
		C9F6F75A29CE304B00F37AC2 /* integralTests.swift */ = {isa = PBXFileReference; lastKnownFileType = sourcecode.swift; path = integralTests.swift; sourceTree = "<group>"; };
/* End PBXFileReference section */

/* Begin PBXFrameworksBuildPhase section */
		C973A223298AF56000E26513 /* Frameworks */ = {
			isa = PBXFrameworksBuildPhase;
			buildActionMask = 2147483647;
			files = (
				C94A68E229A6CEBC00F04851 /* Neumorphic in Frameworks */,
				C96D403E29CB90360063C243 /* OrderedCollections in Frameworks */,
				C96D403C29CB90360063C243 /* DequeModule in Frameworks */,
				C96D403A29CB90360063C243 /* Collections in Frameworks */,
				C9CD668A29B91DC40040848A /* LaTeXSwiftUI in Frameworks */,
			);
			runOnlyForDeploymentPostprocessing = 0;
		};
		C973A234298AF56400E26513 /* Frameworks */ = {
			isa = PBXFrameworksBuildPhase;
			buildActionMask = 2147483647;
			files = (
			);
			runOnlyForDeploymentPostprocessing = 0;
		};
/* End PBXFrameworksBuildPhase section */

/* Begin PBXGroup section */
		C944C21329BA5408009050EB /* components */ = {
			isa = PBXGroup;
			children = (
				C944C21529BA542A009050EB /* CardView.swift */,
				C944C21B29BA55CA009050EB /* UITools.swift */,
				C9686DF329F1B0E500E88E3B /* NeumorphicTile.swift */,
			);
			path = components;
			sourceTree = "<group>";
		};
		C94A68CF29A6C09400F04851 /* views */ = {
			isa = PBXGroup;
			children = (
				C96F045129CAD9B400130272 /* calculus */,
				C944C21329BA5408009050EB /* components */,
				C94A68D829A6C2E200F04851 /* matrix */,
				C94A68D529A6C17000F04851 /* LandingView.swift */,
			);
			path = views;
			sourceTree = "<group>";
		};
		C94A68D029A6C0A500F04851 /* models */ = {
			isa = PBXGroup;
			children = (
				C94A68D129A6C12C00F04851 /* MatrixModel.swift */,
				C62E06A529A8023A00B5472C /* Tools.swift */,
				C96F044829CA50F200130272 /* CalculusModel.swift */,
				C96F044B29CA6D3900130272 /* DataStructures.swift */,
			);
			path = models;
			sourceTree = "<group>";
		};
		C94A68D829A6C2E200F04851 /* matrix */ = {
			isa = PBXGroup;
			children = (
				C94A68D929A6C2F000F04851 /* MatrixView.swift */,
				C94A68DB29A6C3D600F04851 /* MatrixSolveView.swift */,
				C943F9AC29A70F0200155AB6 /* MatrixEditor.swift */,
				C943F9AE29A7237000155AB6 /* SolutionView.swift */,
				C9CD668529B9164F0040848A /* StepsList.swift */,
			);
			path = matrix;
			sourceTree = "<group>";
		};
		C96F045129CAD9B400130272 /* calculus */ = {
			isa = PBXGroup;
			children = (
				C96F045229CAD9CD00130272 /* IntegralSolveView.swift */,
			);
			path = calculus;
			sourceTree = "<group>";
		};
		C973A21D298AF56000E26513 = {
			isa = PBXGroup;
			children = (
				C973A228298AF56000E26513 /* addez */,
				C973A23A298AF56400E26513 /* addezTests */,
				C973A227298AF56000E26513 /* Products */,
			);
			sourceTree = "<group>";
		};
		C973A227298AF56000E26513 /* Products */ = {
			isa = PBXGroup;
			children = (
				C973A226298AF56000E26513 /* addez.app */,
				C973A237298AF56400E26513 /* addezTests.xctest */,
			);
			name = Products;
			sourceTree = "<group>";
		};
		C973A228298AF56000E26513 /* addez */ = {
			isa = PBXGroup;
			children = (
				C94A68D029A6C0A500F04851 /* models */,
				C94A68CF29A6C09400F04851 /* views */,
				C973A229298AF56000E26513 /* addezApp.swift */,
				C973A22B298AF56000E26513 /* ContentView.swift */,
				C973A22D298AF56400E26513 /* Assets.xcassets */,
				C973A22F298AF56400E26513 /* addez.entitlements */,
				C973A230298AF56400E26513 /* Preview Content */,
			);
			path = addez;
			sourceTree = "<group>";
		};
		C973A230298AF56400E26513 /* Preview Content */ = {
			isa = PBXGroup;
			children = (
				C973A231298AF56400E26513 /* Preview Assets.xcassets */,
			);
			path = "Preview Content";
			sourceTree = "<group>";
		};
		C973A23A298AF56400E26513 /* addezTests */ = {
			isa = PBXGroup;
			children = (
				C9F3C44529CC00B100B2F5EE /* models */,
				C973A23B298AF56400E26513 /* matrixTests.swift */,
				C9F6F75A29CE304B00F37AC2 /* integralTests.swift */,
				C9475DF629E92D5700BEC724 /* operationsTests.swift */,
			);
			path = addezTests;
			sourceTree = "<group>";
		};
		C9F3C44529CC00B100B2F5EE /* models */ = {
			isa = PBXGroup;
			children = (
				C9F3C44629CC00B100B2F5EE /* DataStructures.swift */,
				C9F3C44729CC00B100B2F5EE /* CalculusModel.swift */,
				C9F3C44829CC00B100B2F5EE /* MatrixModel.swift */,
				C9F3C44929CC00B100B2F5EE /* Tools.swift */,
			);
			name = models;
			path = addez/models;
			sourceTree = SOURCE_ROOT;
		};
/* End PBXGroup section */

/* Begin PBXNativeTarget section */
		C973A225298AF56000E26513 /* addez */ = {
			isa = PBXNativeTarget;
			buildConfigurationList = C973A24B298AF56400E26513 /* Build configuration list for PBXNativeTarget "addez" */;
			buildPhases = (
				C973A222298AF56000E26513 /* Sources */,
				C973A223298AF56000E26513 /* Frameworks */,
				C973A224298AF56000E26513 /* Resources */,
			);
			buildRules = (
			);
			dependencies = (
			);
			name = addez;
			packageProductDependencies = (
				C94A68E129A6CEBC00F04851 /* Neumorphic */,
				C9CD668929B91DC40040848A /* LaTeXSwiftUI */,
				C96D403929CB90360063C243 /* Collections */,
				C96D403B29CB90360063C243 /* DequeModule */,
				C96D403D29CB90360063C243 /* OrderedCollections */,
			);
			productName = addez;
			productReference = C973A226298AF56000E26513 /* addez.app */;
			productType = "com.apple.product-type.application";
		};
		C973A236298AF56400E26513 /* addezTests */ = {
			isa = PBXNativeTarget;
			buildConfigurationList = C973A24E298AF56400E26513 /* Build configuration list for PBXNativeTarget "addezTests" */;
			buildPhases = (
				C973A233298AF56400E26513 /* Sources */,
				C973A234298AF56400E26513 /* Frameworks */,
				C973A235298AF56400E26513 /* Resources */,
			);
			buildRules = (
			);
			dependencies = (
				C973A239298AF56400E26513 /* PBXTargetDependency */,
			);
			name = addezTests;
			productName = addezTests;
			productReference = C973A237298AF56400E26513 /* addezTests.xctest */;
			productType = "com.apple.product-type.bundle.unit-test";
		};
/* End PBXNativeTarget section */

/* Begin PBXProject section */
		C973A21E298AF56000E26513 /* Project object */ = {
			isa = PBXProject;
			attributes = {
				BuildIndependentTargetsInParallel = 1;
				LastSwiftUpdateCheck = 1410;
				LastUpgradeCheck = 1410;
				TargetAttributes = {
					C973A225298AF56000E26513 = {
						CreatedOnToolsVersion = 14.1;
					};
					C973A236298AF56400E26513 = {
						CreatedOnToolsVersion = 14.1;
						TestTargetID = C973A225298AF56000E26513;
					};
				};
			};
			buildConfigurationList = C973A221298AF56000E26513 /* Build configuration list for PBXProject "addez" */;
			compatibilityVersion = "Xcode 14.0";
			developmentRegion = en;
			hasScannedForEncodings = 0;
			knownRegions = (
				en,
				Base,
			);
			mainGroup = C973A21D298AF56000E26513;
			packageReferences = (
				C94A68E029A6CEBC00F04851 /* XCRemoteSwiftPackageReference "neumorphic" */,
				C9CD668829B91DC40040848A /* XCRemoteSwiftPackageReference "LaTeXSwiftUI" */,
				C96F044E29CAD99900130272 /* XCRemoteSwiftPackageReference "SwiftUICharts" */,
				C96D403829CB90360063C243 /* XCRemoteSwiftPackageReference "swift-collections" */,
			);
			productRefGroup = C973A227298AF56000E26513 /* Products */;
			projectDirPath = "";
			projectRoot = "";
			targets = (
				C973A225298AF56000E26513 /* addez */,
				C973A236298AF56400E26513 /* addezTests */,
			);
		};
/* End PBXProject section */

/* Begin PBXResourcesBuildPhase section */
		C973A224298AF56000E26513 /* Resources */ = {
			isa = PBXResourcesBuildPhase;
			buildActionMask = 2147483647;
			files = (
				C973A232298AF56400E26513 /* Preview Assets.xcassets in Resources */,
				C973A22E298AF56400E26513 /* Assets.xcassets in Resources */,
			);
			runOnlyForDeploymentPostprocessing = 0;
		};
		C973A235298AF56400E26513 /* Resources */ = {
			isa = PBXResourcesBuildPhase;
			buildActionMask = 2147483647;
			files = (
			);
			runOnlyForDeploymentPostprocessing = 0;
		};
/* End PBXResourcesBuildPhase section */

/* Begin PBXSourcesBuildPhase section */
		C973A222298AF56000E26513 /* Sources */ = {
			isa = PBXSourcesBuildPhase;
			buildActionMask = 2147483647;
			files = (
				C977EFB029AFF53300C60DFC /* MatrixModel.swift in Sources */,
				C94A68DA29A6C2F000F04851 /* MatrixView.swift in Sources */,
				C94A68D629A6C17000F04851 /* LandingView.swift in Sources */,
				C943F9AD29A70F0200155AB6 /* MatrixEditor.swift in Sources */,
				C973A22C298AF56000E26513 /* ContentView.swift in Sources */,
				C94A68DC29A6C3D600F04851 /* MatrixSolveView.swift in Sources */,
				C943F9AF29A7237000155AB6 /* SolutionView.swift in Sources */,
				C9686DF429F1B0E500E88E3B /* NeumorphicTile.swift in Sources */,
				C96F044C29CA6D3900130272 /* DataStructures.swift in Sources */,
				C944C21C29BA55CA009050EB /* UITools.swift in Sources */,
				C96F045329CAD9CD00130272 /* IntegralSolveView.swift in Sources */,
				C9CD668629B9164F0040848A /* StepsList.swift in Sources */,
				C62E06A629A8023A00B5472C /* Tools.swift in Sources */,
				C96F044929CA50F200130272 /* CalculusModel.swift in Sources */,
				C944C21629BA542A009050EB /* CardView.swift in Sources */,
				C973A22A298AF56000E26513 /* addezApp.swift in Sources */,
			);
			runOnlyForDeploymentPostprocessing = 0;
		};
		C973A233298AF56400E26513 /* Sources */ = {
			isa = PBXSourcesBuildPhase;
			buildActionMask = 2147483647;
			files = (
				C96F044D29CA6D3900130272 /* DataStructures.swift in Sources */,
				C9F3C44A29CC00B100B2F5EE /* DataStructures.swift in Sources */,
				C9F3C44C29CC00B100B2F5EE /* MatrixModel.swift in Sources */,
				C973A23C298AF56400E26513 /* matrixTests.swift in Sources */,
				C9F3C44D29CC00B100B2F5EE /* Tools.swift in Sources */,
				C9F3C44B29CC00B100B2F5EE /* CalculusModel.swift in Sources */,
				C9475DF729E92D5700BEC724 /* operationsTests.swift in Sources */,
				C96F044A29CA50F200130272 /* CalculusModel.swift in Sources */,
				C9F6F75B29CE304B00F37AC2 /* integralTests.swift in Sources */,
			);
			runOnlyForDeploymentPostprocessing = 0;
		};
/* End PBXSourcesBuildPhase section */

/* Begin PBXTargetDependency section */
		C973A239298AF56400E26513 /* PBXTargetDependency */ = {
			isa = PBXTargetDependency;
			target = C973A225298AF56000E26513 /* addez */;
			targetProxy = C973A238298AF56400E26513 /* PBXContainerItemProxy */;
		};
/* End PBXTargetDependency section */

/* Begin XCBuildConfiguration section */
		C973A249298AF56400E26513 /* Debug */ = {
			isa = XCBuildConfiguration;
			buildSettings = {
				ALWAYS_SEARCH_USER_PATHS = NO;
				CLANG_ANALYZER_NONNULL = YES;
				CLANG_ANALYZER_NUMBER_OBJECT_CONVERSION = YES_AGGRESSIVE;
				CLANG_CXX_LANGUAGE_STANDARD = "gnu++20";
				CLANG_ENABLE_MODULES = YES;
				CLANG_ENABLE_OBJC_ARC = YES;
				CLANG_ENABLE_OBJC_WEAK = YES;
				CLANG_WARN_BLOCK_CAPTURE_AUTORELEASING = YES;
				CLANG_WARN_BOOL_CONVERSION = YES;
				CLANG_WARN_COMMA = YES;
				CLANG_WARN_CONSTANT_CONVERSION = YES;
				CLANG_WARN_DEPRECATED_OBJC_IMPLEMENTATIONS = YES;
				CLANG_WARN_DIRECT_OBJC_ISA_USAGE = YES_ERROR;
				CLANG_WARN_DOCUMENTATION_COMMENTS = YES;
				CLANG_WARN_EMPTY_BODY = YES;
				CLANG_WARN_ENUM_CONVERSION = YES;
				CLANG_WARN_INFINITE_RECURSION = YES;
				CLANG_WARN_INT_CONVERSION = YES;
				CLANG_WARN_NON_LITERAL_NULL_CONVERSION = YES;
				CLANG_WARN_OBJC_IMPLICIT_RETAIN_SELF = YES;
				CLANG_WARN_OBJC_LITERAL_CONVERSION = YES;
				CLANG_WARN_OBJC_ROOT_CLASS = YES_ERROR;
				CLANG_WARN_QUOTED_INCLUDE_IN_FRAMEWORK_HEADER = YES;
				CLANG_WARN_RANGE_LOOP_ANALYSIS = YES;
				CLANG_WARN_STRICT_PROTOTYPES = YES;
				CLANG_WARN_SUSPICIOUS_MOVE = YES;
				CLANG_WARN_UNGUARDED_AVAILABILITY = YES_AGGRESSIVE;
				CLANG_WARN_UNREACHABLE_CODE = YES;
				CLANG_WARN__DUPLICATE_METHOD_MATCH = YES;
				COPY_PHASE_STRIP = NO;
				DEAD_CODE_STRIPPING = YES;
				DEBUG_INFORMATION_FORMAT = dwarf;
				ENABLE_STRICT_OBJC_MSGSEND = YES;
				ENABLE_TESTABILITY = YES;
				GCC_C_LANGUAGE_STANDARD = gnu11;
				GCC_DYNAMIC_NO_PIC = NO;
				GCC_NO_COMMON_BLOCKS = YES;
				GCC_OPTIMIZATION_LEVEL = 0;
				GCC_PREPROCESSOR_DEFINITIONS = (
					"DEBUG=1",
					"$(inherited)",
				);
				GCC_WARN_64_TO_32_BIT_CONVERSION = YES;
				GCC_WARN_ABOUT_RETURN_TYPE = YES_ERROR;
				GCC_WARN_UNDECLARED_SELECTOR = YES;
				GCC_WARN_UNINITIALIZED_AUTOS = YES_AGGRESSIVE;
				GCC_WARN_UNUSED_FUNCTION = YES;
				GCC_WARN_UNUSED_VARIABLE = YES;
				MTL_ENABLE_DEBUG_INFO = INCLUDE_SOURCE;
				MTL_FAST_MATH = YES;
				ONLY_ACTIVE_ARCH = YES;
				SWIFT_ACTIVE_COMPILATION_CONDITIONS = DEBUG;
				SWIFT_OPTIMIZATION_LEVEL = "-Onone";
			};
			name = Debug;
		};
		C973A24A298AF56400E26513 /* Release */ = {
			isa = XCBuildConfiguration;
			buildSettings = {
				ALWAYS_SEARCH_USER_PATHS = NO;
				CLANG_ANALYZER_NONNULL = YES;
				CLANG_ANALYZER_NUMBER_OBJECT_CONVERSION = YES_AGGRESSIVE;
				CLANG_CXX_LANGUAGE_STANDARD = "gnu++20";
				CLANG_ENABLE_MODULES = YES;
				CLANG_ENABLE_OBJC_ARC = YES;
				CLANG_ENABLE_OBJC_WEAK = YES;
				CLANG_WARN_BLOCK_CAPTURE_AUTORELEASING = YES;
				CLANG_WARN_BOOL_CONVERSION = YES;
				CLANG_WARN_COMMA = YES;
				CLANG_WARN_CONSTANT_CONVERSION = YES;
				CLANG_WARN_DEPRECATED_OBJC_IMPLEMENTATIONS = YES;
				CLANG_WARN_DIRECT_OBJC_ISA_USAGE = YES_ERROR;
				CLANG_WARN_DOCUMENTATION_COMMENTS = YES;
				CLANG_WARN_EMPTY_BODY = YES;
				CLANG_WARN_ENUM_CONVERSION = YES;
				CLANG_WARN_INFINITE_RECURSION = YES;
				CLANG_WARN_INT_CONVERSION = YES;
				CLANG_WARN_NON_LITERAL_NULL_CONVERSION = YES;
				CLANG_WARN_OBJC_IMPLICIT_RETAIN_SELF = YES;
				CLANG_WARN_OBJC_LITERAL_CONVERSION = YES;
				CLANG_WARN_OBJC_ROOT_CLASS = YES_ERROR;
				CLANG_WARN_QUOTED_INCLUDE_IN_FRAMEWORK_HEADER = YES;
				CLANG_WARN_RANGE_LOOP_ANALYSIS = YES;
				CLANG_WARN_STRICT_PROTOTYPES = YES;
				CLANG_WARN_SUSPICIOUS_MOVE = YES;
				CLANG_WARN_UNGUARDED_AVAILABILITY = YES_AGGRESSIVE;
				CLANG_WARN_UNREACHABLE_CODE = YES;
				CLANG_WARN__DUPLICATE_METHOD_MATCH = YES;
				COPY_PHASE_STRIP = NO;
				DEAD_CODE_STRIPPING = YES;
				DEBUG_INFORMATION_FORMAT = "dwarf-with-dsym";
				ENABLE_NS_ASSERTIONS = NO;
				ENABLE_STRICT_OBJC_MSGSEND = YES;
				GCC_C_LANGUAGE_STANDARD = gnu11;
				GCC_NO_COMMON_BLOCKS = YES;
				GCC_WARN_64_TO_32_BIT_CONVERSION = YES;
				GCC_WARN_ABOUT_RETURN_TYPE = YES_ERROR;
				GCC_WARN_UNDECLARED_SELECTOR = YES;
				GCC_WARN_UNINITIALIZED_AUTOS = YES_AGGRESSIVE;
				GCC_WARN_UNUSED_FUNCTION = YES;
				GCC_WARN_UNUSED_VARIABLE = YES;
				MTL_ENABLE_DEBUG_INFO = NO;
				MTL_FAST_MATH = YES;
				SWIFT_COMPILATION_MODE = wholemodule;
				SWIFT_OPTIMIZATION_LEVEL = "-O";
			};
			name = Release;
		};
		C973A24C298AF56400E26513 /* Debug */ = {
			isa = XCBuildConfiguration;
			buildSettings = {
				ASSETCATALOG_COMPILER_APPICON_NAME = AppIcon;
				ASSETCATALOG_COMPILER_GLOBAL_ACCENT_COLOR_NAME = AccentColor;
				ASSETCATALOG_COMPILER_INCLUDE_ALL_APPICON_ASSETS = NO;
				CODE_SIGN_ENTITLEMENTS = addez/addez.entitlements;
				CODE_SIGN_IDENTITY = "-";
				"CODE_SIGN_IDENTITY[sdk=iphoneos*]" = "Apple Development";
				CODE_SIGN_STYLE = Automatic;
				CURRENT_PROJECT_VERSION = 1;
				DEAD_CODE_STRIPPING = YES;
				DEVELOPMENT_ASSET_PATHS = "\"addez/Preview Content\"";
				DEVELOPMENT_TEAM = YGQCW3LZRM;
				ENABLE_HARDENED_RUNTIME = YES;
				ENABLE_PREVIEWS = YES;
				GENERATE_INFOPLIST_FILE = YES;
				INFOPLIST_KEY_CFBundleDisplayName = AddEZ;
				INFOPLIST_KEY_LSApplicationCategoryType = "public.app-category.education";
				"INFOPLIST_KEY_UIApplicationSceneManifest_Generation[sdk=iphoneos*]" = YES;
				"INFOPLIST_KEY_UIApplicationSceneManifest_Generation[sdk=iphonesimulator*]" = YES;
				"INFOPLIST_KEY_UIApplicationSupportsIndirectInputEvents[sdk=iphoneos*]" = YES;
				"INFOPLIST_KEY_UIApplicationSupportsIndirectInputEvents[sdk=iphonesimulator*]" = YES;
				"INFOPLIST_KEY_UILaunchScreen_Generation[sdk=iphoneos*]" = YES;
				"INFOPLIST_KEY_UILaunchScreen_Generation[sdk=iphonesimulator*]" = YES;
				"INFOPLIST_KEY_UIStatusBarStyle[sdk=iphoneos*]" = UIStatusBarStyleDefault;
				"INFOPLIST_KEY_UIStatusBarStyle[sdk=iphonesimulator*]" = UIStatusBarStyleDefault;
				INFOPLIST_KEY_UISupportedInterfaceOrientations_iPad = "UIInterfaceOrientationPortrait UIInterfaceOrientationPortraitUpsideDown UIInterfaceOrientationLandscapeLeft UIInterfaceOrientationLandscapeRight";
				INFOPLIST_KEY_UISupportedInterfaceOrientations_iPhone = "UIInterfaceOrientationPortrait UIInterfaceOrientationLandscapeLeft UIInterfaceOrientationLandscapeRight";
				IPHONEOS_DEPLOYMENT_TARGET = 16.0;
				LD_RUNPATH_SEARCH_PATHS = "@executable_path/Frameworks";
				"LD_RUNPATH_SEARCH_PATHS[sdk=macosx*]" = "@executable_path/../Frameworks";
				MACOSX_DEPLOYMENT_TARGET = 13.0;
				MARKETING_VERSION = 1.0;
				PRODUCT_BUNDLE_IDENTIFIER = com.compilrs.addez;
				PRODUCT_NAME = "$(TARGET_NAME)";
				SDKROOT = auto;
				SUPPORTED_PLATFORMS = "iphoneos iphonesimulator macosx";
				SWIFT_EMIT_LOC_STRINGS = YES;
				SWIFT_VERSION = 5.0;
				TARGETED_DEVICE_FAMILY = "1,2";
			};
			name = Debug;
		};
		C973A24D298AF56400E26513 /* Release */ = {
			isa = XCBuildConfiguration;
			buildSettings = {
				ASSETCATALOG_COMPILER_APPICON_NAME = AppIcon;
				ASSETCATALOG_COMPILER_GLOBAL_ACCENT_COLOR_NAME = AccentColor;
				ASSETCATALOG_COMPILER_INCLUDE_ALL_APPICON_ASSETS = NO;
				CODE_SIGN_ENTITLEMENTS = addez/addez.entitlements;
				CODE_SIGN_IDENTITY = "-";
				"CODE_SIGN_IDENTITY[sdk=iphoneos*]" = "Apple Development";
				CODE_SIGN_STYLE = Automatic;
				CURRENT_PROJECT_VERSION = 1;
				DEAD_CODE_STRIPPING = YES;
				DEVELOPMENT_ASSET_PATHS = "\"addez/Preview Content\"";
				DEVELOPMENT_TEAM = YGQCW3LZRM;
				ENABLE_HARDENED_RUNTIME = YES;
				ENABLE_PREVIEWS = YES;
				GENERATE_INFOPLIST_FILE = YES;
				INFOPLIST_KEY_CFBundleDisplayName = AddEZ;
				INFOPLIST_KEY_LSApplicationCategoryType = "public.app-category.education";
				"INFOPLIST_KEY_UIApplicationSceneManifest_Generation[sdk=iphoneos*]" = YES;
				"INFOPLIST_KEY_UIApplicationSceneManifest_Generation[sdk=iphonesimulator*]" = YES;
				"INFOPLIST_KEY_UIApplicationSupportsIndirectInputEvents[sdk=iphoneos*]" = YES;
				"INFOPLIST_KEY_UIApplicationSupportsIndirectInputEvents[sdk=iphonesimulator*]" = YES;
				"INFOPLIST_KEY_UILaunchScreen_Generation[sdk=iphoneos*]" = YES;
				"INFOPLIST_KEY_UILaunchScreen_Generation[sdk=iphonesimulator*]" = YES;
				"INFOPLIST_KEY_UIStatusBarStyle[sdk=iphoneos*]" = UIStatusBarStyleDefault;
				"INFOPLIST_KEY_UIStatusBarStyle[sdk=iphonesimulator*]" = UIStatusBarStyleDefault;
				INFOPLIST_KEY_UISupportedInterfaceOrientations_iPad = "UIInterfaceOrientationPortrait UIInterfaceOrientationPortraitUpsideDown UIInterfaceOrientationLandscapeLeft UIInterfaceOrientationLandscapeRight";
				INFOPLIST_KEY_UISupportedInterfaceOrientations_iPhone = "UIInterfaceOrientationPortrait UIInterfaceOrientationLandscapeLeft UIInterfaceOrientationLandscapeRight";
				IPHONEOS_DEPLOYMENT_TARGET = 16.0;
				LD_RUNPATH_SEARCH_PATHS = "@executable_path/Frameworks";
				"LD_RUNPATH_SEARCH_PATHS[sdk=macosx*]" = "@executable_path/../Frameworks";
				MACOSX_DEPLOYMENT_TARGET = 13.0;
				MARKETING_VERSION = 1.0;
				PRODUCT_BUNDLE_IDENTIFIER = com.compilrs.addez;
				PRODUCT_NAME = "$(TARGET_NAME)";
				SDKROOT = auto;
				SUPPORTED_PLATFORMS = "iphoneos iphonesimulator macosx";
				SWIFT_EMIT_LOC_STRINGS = YES;
				SWIFT_VERSION = 5.0;
				TARGETED_DEVICE_FAMILY = "1,2";
			};
			name = Release;
		};
		C973A24F298AF56400E26513 /* Debug */ = {
			isa = XCBuildConfiguration;
			buildSettings = {
				ALWAYS_EMBED_SWIFT_STANDARD_LIBRARIES = YES;
				BUNDLE_LOADER = "$(TEST_HOST)";
				CODE_SIGN_STYLE = Automatic;
				CURRENT_PROJECT_VERSION = 1;
				DEAD_CODE_STRIPPING = YES;
				DEVELOPMENT_TEAM = YGQCW3LZRM;
				GENERATE_INFOPLIST_FILE = YES;
				IPHONEOS_DEPLOYMENT_TARGET = 16.0;
				MACOSX_DEPLOYMENT_TARGET = 13.0;
				MARKETING_VERSION = 1.0;
				PRODUCT_BUNDLE_IDENTIFIER = com.compilrs.addezTests;
				PRODUCT_NAME = "$(TARGET_NAME)";
				SDKROOT = auto;
				SUPPORTED_PLATFORMS = "iphoneos iphonesimulator macosx";
				SWIFT_EMIT_LOC_STRINGS = NO;
				SWIFT_VERSION = 5.0;
				TARGETED_DEVICE_FAMILY = "1,2";
				TEST_HOST = "$(BUILT_PRODUCTS_DIR)/addez.app/$(BUNDLE_EXECUTABLE_FOLDER_PATH)/addez";
			};
			name = Debug;
		};
		C973A250298AF56400E26513 /* Release */ = {
			isa = XCBuildConfiguration;
			buildSettings = {
				ALWAYS_EMBED_SWIFT_STANDARD_LIBRARIES = YES;
				BUNDLE_LOADER = "$(TEST_HOST)";
				CODE_SIGN_STYLE = Automatic;
				CURRENT_PROJECT_VERSION = 1;
				DEAD_CODE_STRIPPING = YES;
				DEVELOPMENT_TEAM = YGQCW3LZRM;
				GENERATE_INFOPLIST_FILE = YES;
				IPHONEOS_DEPLOYMENT_TARGET = 16.0;
				MACOSX_DEPLOYMENT_TARGET = 13.0;
				MARKETING_VERSION = 1.0;
				PRODUCT_BUNDLE_IDENTIFIER = com.compilrs.addezTests;
				PRODUCT_NAME = "$(TARGET_NAME)";
				SDKROOT = auto;
				SUPPORTED_PLATFORMS = "iphoneos iphonesimulator macosx";
				SWIFT_EMIT_LOC_STRINGS = NO;
				SWIFT_VERSION = 5.0;
				TARGETED_DEVICE_FAMILY = "1,2";
				TEST_HOST = "$(BUILT_PRODUCTS_DIR)/addez.app/$(BUNDLE_EXECUTABLE_FOLDER_PATH)/addez";
			};
			name = Release;
		};
/* End XCBuildConfiguration section */

/* Begin XCConfigurationList section */
		C973A221298AF56000E26513 /* Build configuration list for PBXProject "addez" */ = {
			isa = XCConfigurationList;
			buildConfigurations = (
				C973A249298AF56400E26513 /* Debug */,
				C973A24A298AF56400E26513 /* Release */,
			);
			defaultConfigurationIsVisible = 0;
			defaultConfigurationName = Release;
		};
		C973A24B298AF56400E26513 /* Build configuration list for PBXNativeTarget "addez" */ = {
			isa = XCConfigurationList;
			buildConfigurations = (
				C973A24C298AF56400E26513 /* Debug */,
				C973A24D298AF56400E26513 /* Release */,
			);
			defaultConfigurationIsVisible = 0;
			defaultConfigurationName = Release;
		};
		C973A24E298AF56400E26513 /* Build configuration list for PBXNativeTarget "addezTests" */ = {
			isa = XCConfigurationList;
			buildConfigurations = (
				C973A24F298AF56400E26513 /* Debug */,
				C973A250298AF56400E26513 /* Release */,
			);
			defaultConfigurationIsVisible = 0;
			defaultConfigurationName = Release;
		};
/* End XCConfigurationList section */

/* Begin XCRemoteSwiftPackageReference section */
		C94A68E029A6CEBC00F04851 /* XCRemoteSwiftPackageReference "neumorphic" */ = {
			isa = XCRemoteSwiftPackageReference;
			repositoryURL = "https://github.com/costachung/neumorphic/";
			requirement = {
				branch = master;
				kind = branch;
			};
		};
		C96D403829CB90360063C243 /* XCRemoteSwiftPackageReference "swift-collections" */ = {
			isa = XCRemoteSwiftPackageReference;
			repositoryURL = "https://github.com/apple/swift-collections.git";
			requirement = {
				kind = upToNextMajorVersion;
				minimumVersion = 1.0.0;
			};
		};
		C96F044E29CAD99900130272 /* XCRemoteSwiftPackageReference "SwiftUICharts" */ = {
			isa = XCRemoteSwiftPackageReference;
			repositoryURL = "https://github.com/willdale/SwiftUICharts";
			requirement = {
				kind = upToNextMajorVersion;
				minimumVersion = 2.0.0;
			};
		};
		C9CD668829B91DC40040848A /* XCRemoteSwiftPackageReference "LaTeXSwiftUI" */ = {
			isa = XCRemoteSwiftPackageReference;
			repositoryURL = "https://github.com/colinc86/LaTeXSwiftUI.git";
			requirement = {
				branch = main;
				kind = branch;
			};
		};
/* End XCRemoteSwiftPackageReference section */

/* Begin XCSwiftPackageProductDependency section */
		C94A68E129A6CEBC00F04851 /* Neumorphic */ = {
			isa = XCSwiftPackageProductDependency;
			package = C94A68E029A6CEBC00F04851 /* XCRemoteSwiftPackageReference "neumorphic" */;
			productName = Neumorphic;
		};
		C96D403929CB90360063C243 /* Collections */ = {
			isa = XCSwiftPackageProductDependency;
			package = C96D403829CB90360063C243 /* XCRemoteSwiftPackageReference "swift-collections" */;
			productName = Collections;
		};
		C96D403B29CB90360063C243 /* DequeModule */ = {
			isa = XCSwiftPackageProductDependency;
			package = C96D403829CB90360063C243 /* XCRemoteSwiftPackageReference "swift-collections" */;
			productName = DequeModule;
		};
		C96D403D29CB90360063C243 /* OrderedCollections */ = {
			isa = XCSwiftPackageProductDependency;
			package = C96D403829CB90360063C243 /* XCRemoteSwiftPackageReference "swift-collections" */;
			productName = OrderedCollections;
		};
		C9CD668929B91DC40040848A /* LaTeXSwiftUI */ = {
			isa = XCSwiftPackageProductDependency;
			package = C9CD668829B91DC40040848A /* XCRemoteSwiftPackageReference "LaTeXSwiftUI" */;
			productName = LaTeXSwiftUI;
		};
/* End XCSwiftPackageProductDependency section */
	};
	rootObject = C973A21E298AF56000E26513 /* Project object */;
}
